// !$*UTF8*$!
{
	archiveVersion = 1;
	classes = {
	};
	objectVersion = 50;
	objects = {

/* Begin PBXBuildFile section */
		402E622422E18F8400E2701D /* MinimumSampleViewController.swift in Sources */ = {isa = PBXBuildFile; fileRef = 402E622222E18F8400E2701D /* MinimumSampleViewController.swift */; };
		402E622522E18F8400E2701D /* MinimumSampleViewController.xib in Resources */ = {isa = PBXBuildFile; fileRef = 402E622322E18F8400E2701D /* MinimumSampleViewController.xib */; };
		402E622722E1900600E2701D /* SampleVariation.swift in Sources */ = {isa = PBXBuildFile; fileRef = 402E622622E1900600E2701D /* SampleVariation.swift */; };
		402E622A22E19E5500E2701D /* chart_data_day.json in Resources */ = {isa = PBXBuildFile; fileRef = 402E622922E19E5500E2701D /* chart_data_day.json */; };
		402E622C22E19E7100E2701D /* DataLoader.swift in Sources */ = {isa = PBXBuildFile; fileRef = 402E622B22E19E7100E2701D /* DataLoader.swift */; };
		40A6093A22DEF1FD0013EDAD /* AppDelegate.swift in Sources */ = {isa = PBXBuildFile; fileRef = 40A6093922DEF1FD0013EDAD /* AppDelegate.swift */; };
		40A6093C22DEF1FD0013EDAD /* MainViewController.swift in Sources */ = {isa = PBXBuildFile; fileRef = 40A6093B22DEF1FD0013EDAD /* MainViewController.swift */; };
		40A6093E22DEF1FD0013EDAD /* VariationMenuViewController.swift in Sources */ = {isa = PBXBuildFile; fileRef = 40A6093D22DEF1FD0013EDAD /* VariationMenuViewController.swift */; };
		40A6094122DEF1FD0013EDAD /* Main.storyboard in Resources */ = {isa = PBXBuildFile; fileRef = 40A6093F22DEF1FD0013EDAD /* Main.storyboard */; };
		40A6094322DEF1FE0013EDAD /* Assets.xcassets in Resources */ = {isa = PBXBuildFile; fileRef = 40A6094222DEF1FE0013EDAD /* Assets.xcassets */; };
		40A6094622DEF1FE0013EDAD /* LaunchScreen.storyboard in Resources */ = {isa = PBXBuildFile; fileRef = 40A6094422DEF1FE0013EDAD /* LaunchScreen.storyboard */; };
		40A6094E22DEF2C80013EDAD /* TraderChart.framework in Frameworks */ = {isa = PBXBuildFile; fileRef = 40A6094D22DEF2C80013EDAD /* TraderChart.framework */; };
		40A6094F22DEF2C80013EDAD /* TraderChart.framework in Embed Frameworks */ = {isa = PBXBuildFile; fileRef = 40A6094D22DEF2C80013EDAD /* TraderChart.framework */; settings = {ATTRIBUTES = (CodeSignOnCopy, RemoveHeadersOnCopy, ); }; };
		40A6095522DEF4B00013EDAD /* VariationFrameViewController.swift in Sources */ = {isa = PBXBuildFile; fileRef = 40A6095422DEF4B00013EDAD /* VariationFrameViewController.swift */; };
/* End PBXBuildFile section */

/* Begin PBXCopyFilesBuildPhase section */
		40A6095022DEF2C80013EDAD /* Embed Frameworks */ = {
			isa = PBXCopyFilesBuildPhase;
			buildActionMask = 2147483647;
			dstPath = "";
			dstSubfolderSpec = 10;
			files = (
				40A6094F22DEF2C80013EDAD /* TraderChart.framework in Embed Frameworks */,
			);
			name = "Embed Frameworks";
			runOnlyForDeploymentPostprocessing = 0;
		};
/* End PBXCopyFilesBuildPhase section */

/* Begin PBXFileReference section */
		402E622222E18F8400E2701D /* MinimumSampleViewController.swift */ = {isa = PBXFileReference; lastKnownFileType = sourcecode.swift; path = MinimumSampleViewController.swift; sourceTree = "<group>"; };
		402E622322E18F8400E2701D /* MinimumSampleViewController.xib */ = {isa = PBXFileReference; lastKnownFileType = file.xib; path = MinimumSampleViewController.xib; sourceTree = "<group>"; };
		402E622622E1900600E2701D /* SampleVariation.swift */ = {isa = PBXFileReference; lastKnownFileType = sourcecode.swift; path = SampleVariation.swift; sourceTree = "<group>"; };
		402E622922E19E5500E2701D /* chart_data_day.json */ = {isa = PBXFileReference; fileEncoding = 4; lastKnownFileType = text.json; path = chart_data_day.json; sourceTree = "<group>"; };
		402E622B22E19E7100E2701D /* DataLoader.swift */ = {isa = PBXFileReference; lastKnownFileType = sourcecode.swift; path = DataLoader.swift; sourceTree = "<group>"; };
		40A6093622DEF1FD0013EDAD /* TraderChartTutorial.app */ = {isa = PBXFileReference; explicitFileType = wrapper.application; includeInIndex = 0; path = TraderChartTutorial.app; sourceTree = BUILT_PRODUCTS_DIR; };
		40A6093922DEF1FD0013EDAD /* AppDelegate.swift */ = {isa = PBXFileReference; lastKnownFileType = sourcecode.swift; path = AppDelegate.swift; sourceTree = "<group>"; };
		40A6093B22DEF1FD0013EDAD /* MainViewController.swift */ = {isa = PBXFileReference; lastKnownFileType = sourcecode.swift; path = MainViewController.swift; sourceTree = "<group>"; };
		40A6093D22DEF1FD0013EDAD /* VariationMenuViewController.swift */ = {isa = PBXFileReference; lastKnownFileType = sourcecode.swift; path = VariationMenuViewController.swift; sourceTree = "<group>"; };
		40A6094022DEF1FD0013EDAD /* Base */ = {isa = PBXFileReference; lastKnownFileType = file.storyboard; name = Base; path = Base.lproj/Main.storyboard; sourceTree = "<group>"; };
		40A6094222DEF1FE0013EDAD /* Assets.xcassets */ = {isa = PBXFileReference; lastKnownFileType = folder.assetcatalog; path = Assets.xcassets; sourceTree = "<group>"; };
		40A6094522DEF1FE0013EDAD /* Base */ = {isa = PBXFileReference; lastKnownFileType = file.storyboard; name = Base; path = Base.lproj/LaunchScreen.storyboard; sourceTree = "<group>"; };
		40A6094722DEF1FE0013EDAD /* Info.plist */ = {isa = PBXFileReference; lastKnownFileType = text.plist.xml; path = Info.plist; sourceTree = "<group>"; };
		40A6094D22DEF2C80013EDAD /* TraderChart.framework */ = {isa = PBXFileReference; lastKnownFileType = wrapper.framework; path = TraderChart.framework; sourceTree = "<group>"; };
		40A6095422DEF4B00013EDAD /* VariationFrameViewController.swift */ = {isa = PBXFileReference; lastKnownFileType = sourcecode.swift; path = VariationFrameViewController.swift; sourceTree = "<group>"; };
/* End PBXFileReference section */

/* Begin PBXFrameworksBuildPhase section */
		40A6093322DEF1FD0013EDAD /* Frameworks */ = {
			isa = PBXFrameworksBuildPhase;
			buildActionMask = 2147483647;
			files = (
				40A6094E22DEF2C80013EDAD /* TraderChart.framework in Frameworks */,
			);
			runOnlyForDeploymentPostprocessing = 0;
		};
/* End PBXFrameworksBuildPhase section */

/* Begin PBXGroup section */
		402E622122E18F6000E2701D /* Minimum */ = {
			isa = PBXGroup;
			children = (
				402E622222E18F8400E2701D /* MinimumSampleViewController.swift */,
				402E622322E18F8400E2701D /* MinimumSampleViewController.xib */,
			);
			path = Minimum;
			sourceTree = "<group>";
		};
		402E622822E19E1000E2701D /* SampleData */ = {
			isa = PBXGroup;
			children = (
				402E622922E19E5500E2701D /* chart_data_day.json */,
			);
			path = SampleData;
			sourceTree = "<group>";
		};
		40A6092D22DEF1FD0013EDAD = {
			isa = PBXGroup;
			children = (
				40A6094D22DEF2C80013EDAD /* TraderChart.framework */,
				40A6093822DEF1FD0013EDAD /* TraderChartTutorial */,
				40A6093722DEF1FD0013EDAD /* Products */,
			);
			sourceTree = "<group>";
		};
		40A6093722DEF1FD0013EDAD /* Products */ = {
			isa = PBXGroup;
			children = (
				40A6093622DEF1FD0013EDAD /* TraderChartTutorial.app */,
			);
			name = Products;
			sourceTree = "<group>";
		};
		40A6093822DEF1FD0013EDAD /* TraderChartTutorial */ = {
			isa = PBXGroup;
			children = (
				402E622822E19E1000E2701D /* SampleData */,
				40A6095322DEF4730013EDAD /* Screen */,
				40A6095222DEF44F0013EDAD /* Entity */,
				40A6093922DEF1FD0013EDAD /* AppDelegate.swift */,
				40A6094222DEF1FE0013EDAD /* Assets.xcassets */,
				40A6094422DEF1FE0013EDAD /* LaunchScreen.storyboard */,
				40A6094722DEF1FE0013EDAD /* Info.plist */,
			);
			path = TraderChartTutorial;
			sourceTree = "<group>";
		};
		40A6095222DEF44F0013EDAD /* Entity */ = {
			isa = PBXGroup;
			children = (
				402E622622E1900600E2701D /* SampleVariation.swift */,
				402E622B22E19E7100E2701D /* DataLoader.swift */,
			);
			path = Entity;
			sourceTree = "<group>";
		};
		40A6095322DEF4730013EDAD /* Screen */ = {
			isa = PBXGroup;
			children = (
				402E622122E18F6000E2701D /* Minimum */,
				40A6093B22DEF1FD0013EDAD /* MainViewController.swift */,
				40A6093D22DEF1FD0013EDAD /* VariationMenuViewController.swift */,
				40A6095422DEF4B00013EDAD /* VariationFrameViewController.swift */,
				40A6093F22DEF1FD0013EDAD /* Main.storyboard */,
			);
			path = Screen;
			sourceTree = "<group>";
		};
/* End PBXGroup section */

/* Begin PBXNativeTarget section */
		40A6093522DEF1FD0013EDAD /* TraderChartTutorial */ = {
			isa = PBXNativeTarget;
			buildConfigurationList = 40A6094A22DEF1FE0013EDAD /* Build configuration list for PBXNativeTarget "TraderChartTutorial" */;
			buildPhases = (
				40A6093222DEF1FD0013EDAD /* Sources */,
				40A6093322DEF1FD0013EDAD /* Frameworks */,
				40A6093422DEF1FD0013EDAD /* Resources */,
				40A6095022DEF2C80013EDAD /* Embed Frameworks */,
				40A6095122DEF2DB0013EDAD /* Run Script(TraderChart) */,
			);
			buildRules = (
			);
			dependencies = (
			);
			name = TraderChartTutorial;
			productName = TraderChartTutorial;
			productReference = 40A6093622DEF1FD0013EDAD /* TraderChartTutorial.app */;
			productType = "com.apple.product-type.application";
		};
/* End PBXNativeTarget section */

/* Begin PBXProject section */
		40A6092E22DEF1FD0013EDAD /* Project object */ = {
			isa = PBXProject;
			attributes = {
				LastSwiftUpdateCheck = 1020;
				LastUpgradeCheck = 1020;
				ORGANIZATIONNAME = "altonotes Inc.";
				TargetAttributes = {
					40A6093522DEF1FD0013EDAD = {
						CreatedOnToolsVersion = 10.2.1;
					};
				};
			};
			buildConfigurationList = 40A6093122DEF1FD0013EDAD /* Build configuration list for PBXProject "TraderChartTutorial" */;
			compatibilityVersion = "Xcode 9.3";
			developmentRegion = en;
			hasScannedForEncodings = 0;
			knownRegions = (
				en,
				Base,
			);
			mainGroup = 40A6092D22DEF1FD0013EDAD;
			productRefGroup = 40A6093722DEF1FD0013EDAD /* Products */;
			projectDirPath = "";
			projectRoot = "";
			targets = (
				40A6093522DEF1FD0013EDAD /* TraderChartTutorial */,
			);
		};
/* End PBXProject section */

/* Begin PBXResourcesBuildPhase section */
		40A6093422DEF1FD0013EDAD /* Resources */ = {
			isa = PBXResourcesBuildPhase;
			buildActionMask = 2147483647;
			files = (
				402E622A22E19E5500E2701D /* chart_data_day.json in Resources */,
				40A6094622DEF1FE0013EDAD /* LaunchScreen.storyboard in Resources */,
				402E622522E18F8400E2701D /* MinimumSampleViewController.xib in Resources */,
				40A6094322DEF1FE0013EDAD /* Assets.xcassets in Resources */,
				40A6094122DEF1FD0013EDAD /* Main.storyboard in Resources */,
			);
			runOnlyForDeploymentPostprocessing = 0;
		};
/* End PBXResourcesBuildPhase section */

/* Begin PBXShellScriptBuildPhase section */
		40A6095122DEF2DB0013EDAD /* Run Script(TraderChart) */ = {
			isa = PBXShellScriptBuildPhase;
			buildActionMask = 2147483647;
			files = (
			);
			inputFileListPaths = (
			);
			inputPaths = (
			);
			name = "Run Script(TraderChart)";
			outputFileListPaths = (
			);
			outputPaths = (
			);
			runOnlyForDeploymentPostprocessing = 0;
			shellPath = /bin/sh;
			shellScript = "bash \"${BUILT_PRODUCTS_DIR}/${FRAMEWORKS_FOLDER_PATH}/TraderChart.framework/strip-frameworks.sh\"\n";
		};
/* End PBXShellScriptBuildPhase section */

/* Begin PBXSourcesBuildPhase section */
		40A6093222DEF1FD0013EDAD /* Sources */ = {
			isa = PBXSourcesBuildPhase;
			buildActionMask = 2147483647;
			files = (
				40A6095522DEF4B00013EDAD /* VariationFrameViewController.swift in Sources */,
				402E622722E1900600E2701D /* SampleVariation.swift in Sources */,
				402E622C22E19E7100E2701D /* DataLoader.swift in Sources */,
				402E622422E18F8400E2701D /* MinimumSampleViewController.swift in Sources */,
				40A6093E22DEF1FD0013EDAD /* VariationMenuViewController.swift in Sources */,
				40A6093A22DEF1FD0013EDAD /* AppDelegate.swift in Sources */,
				40A6093C22DEF1FD0013EDAD /* MainViewController.swift in Sources */,
			);
			runOnlyForDeploymentPostprocessing = 0;
		};
/* End PBXSourcesBuildPhase section */

/* Begin PBXVariantGroup section */
		40A6093F22DEF1FD0013EDAD /* Main.storyboard */ = {
			isa = PBXVariantGroup;
			children = (
				40A6094022DEF1FD0013EDAD /* Base */,
			);
			name = Main.storyboard;
			sourceTree = "<group>";
		};
		40A6094422DEF1FE0013EDAD /* LaunchScreen.storyboard */ = {
			isa = PBXVariantGroup;
			children = (
				40A6094522DEF1FE0013EDAD /* Base */,
			);
			name = LaunchScreen.storyboard;
			sourceTree = "<group>";
		};
/* End PBXVariantGroup section */

/* Begin XCBuildConfiguration section */
		40A6094822DEF1FE0013EDAD /* Debug */ = {
			isa = XCBuildConfiguration;
			buildSettings = {
				ALWAYS_SEARCH_USER_PATHS = NO;
				CLANG_ANALYZER_NONNULL = YES;
				CLANG_ANALYZER_NUMBER_OBJECT_CONVERSION = YES_AGGRESSIVE;
				CLANG_CXX_LANGUAGE_STANDARD = "gnu++14";
				CLANG_CXX_LIBRARY = "libc++";
				CLANG_ENABLE_MODULES = YES;
				CLANG_ENABLE_OBJC_ARC = YES;
				CLANG_ENABLE_OBJC_WEAK = YES;
				CLANG_WARN_BLOCK_CAPTURE_AUTORELEASING = YES;
				CLANG_WARN_BOOL_CONVERSION = YES;
				CLANG_WARN_COMMA = YES;
				CLANG_WARN_CONSTANT_CONVERSION = YES;
				CLANG_WARN_DEPRECATED_OBJC_IMPLEMENTATIONS = YES;
				CLANG_WARN_DIRECT_OBJC_ISA_USAGE = YES_ERROR;
				CLANG_WARN_DOCUMENTATION_COMMENTS = YES;
				CLANG_WARN_EMPTY_BODY = YES;
				CLANG_WARN_ENUM_CONVERSION = YES;
				CLANG_WARN_INFINITE_RECURSION = YES;
				CLANG_WARN_INT_CONVERSION = YES;
				CLANG_WARN_NON_LITERAL_NULL_CONVERSION = YES;
				CLANG_WARN_OBJC_IMPLICIT_RETAIN_SELF = YES;
				CLANG_WARN_OBJC_LITERAL_CONVERSION = YES;
				CLANG_WARN_OBJC_ROOT_CLASS = YES_ERROR;
				CLANG_WARN_RANGE_LOOP_ANALYSIS = YES;
				CLANG_WARN_STRICT_PROTOTYPES = YES;
				CLANG_WARN_SUSPICIOUS_MOVE = YES;
				CLANG_WARN_UNGUARDED_AVAILABILITY = YES_AGGRESSIVE;
				CLANG_WARN_UNREACHABLE_CODE = YES;
				CLANG_WARN__DUPLICATE_METHOD_MATCH = YES;
				CODE_SIGN_IDENTITY = "iPhone Developer";
				COPY_PHASE_STRIP = NO;
				DEBUG_INFORMATION_FORMAT = dwarf;
				ENABLE_STRICT_OBJC_MSGSEND = YES;
				ENABLE_TESTABILITY = YES;
				GCC_C_LANGUAGE_STANDARD = gnu11;
				GCC_DYNAMIC_NO_PIC = NO;
				GCC_NO_COMMON_BLOCKS = YES;
				GCC_OPTIMIZATION_LEVEL = 0;
				GCC_PREPROCESSOR_DEFINITIONS = (
					"DEBUG=1",
					"$(inherited)",
				);
				GCC_WARN_64_TO_32_BIT_CONVERSION = YES;
				GCC_WARN_ABOUT_RETURN_TYPE = YES_ERROR;
				GCC_WARN_UNDECLARED_SELECTOR = YES;
				GCC_WARN_UNINITIALIZED_AUTOS = YES_AGGRESSIVE;
				GCC_WARN_UNUSED_FUNCTION = YES;
				GCC_WARN_UNUSED_VARIABLE = YES;
				IPHONEOS_DEPLOYMENT_TARGET = 12.2;
				MTL_ENABLE_DEBUG_INFO = INCLUDE_SOURCE;
				MTL_FAST_MATH = YES;
				ONLY_ACTIVE_ARCH = YES;
				SDKROOT = iphoneos;
				SWIFT_ACTIVE_COMPILATION_CONDITIONS = DEBUG;
				SWIFT_OPTIMIZATION_LEVEL = "-Onone";
			};
			name = Debug;
		};
		40A6094922DEF1FE0013EDAD /* Release */ = {
			isa = XCBuildConfiguration;
			buildSettings = {
				ALWAYS_SEARCH_USER_PATHS = NO;
				CLANG_ANALYZER_NONNULL = YES;
				CLANG_ANALYZER_NUMBER_OBJECT_CONVERSION = YES_AGGRESSIVE;
				CLANG_CXX_LANGUAGE_STANDARD = "gnu++14";
				CLANG_CXX_LIBRARY = "libc++";
				CLANG_ENABLE_MODULES = YES;
				CLANG_ENABLE_OBJC_ARC = YES;
				CLANG_ENABLE_OBJC_WEAK = YES;
				CLANG_WARN_BLOCK_CAPTURE_AUTORELEASING = YES;
				CLANG_WARN_BOOL_CONVERSION = YES;
				CLANG_WARN_COMMA = YES;
				CLANG_WARN_CONSTANT_CONVERSION = YES;
				CLANG_WARN_DEPRECATED_OBJC_IMPLEMENTATIONS = YES;
				CLANG_WARN_DIRECT_OBJC_ISA_USAGE = YES_ERROR;
				CLANG_WARN_DOCUMENTATION_COMMENTS = YES;
				CLANG_WARN_EMPTY_BODY = YES;
				CLANG_WARN_ENUM_CONVERSION = YES;
				CLANG_WARN_INFINITE_RECURSION = YES;
				CLANG_WARN_INT_CONVERSION = YES;
				CLANG_WARN_NON_LITERAL_NULL_CONVERSION = YES;
				CLANG_WARN_OBJC_IMPLICIT_RETAIN_SELF = YES;
				CLANG_WARN_OBJC_LITERAL_CONVERSION = YES;
				CLANG_WARN_OBJC_ROOT_CLASS = YES_ERROR;
				CLANG_WARN_RANGE_LOOP_ANALYSIS = YES;
				CLANG_WARN_STRICT_PROTOTYPES = YES;
				CLANG_WARN_SUSPICIOUS_MOVE = YES;
				CLANG_WARN_UNGUARDED_AVAILABILITY = YES_AGGRESSIVE;
				CLANG_WARN_UNREACHABLE_CODE = YES;
				CLANG_WARN__DUPLICATE_METHOD_MATCH = YES;
				CODE_SIGN_IDENTITY = "iPhone Developer";
				COPY_PHASE_STRIP = NO;
				DEBUG_INFORMATION_FORMAT = "dwarf-with-dsym";
				ENABLE_NS_ASSERTIONS = NO;
				ENABLE_STRICT_OBJC_MSGSEND = YES;
				GCC_C_LANGUAGE_STANDARD = gnu11;
				GCC_NO_COMMON_BLOCKS = YES;
				GCC_WARN_64_TO_32_BIT_CONVERSION = YES;
				GCC_WARN_ABOUT_RETURN_TYPE = YES_ERROR;
				GCC_WARN_UNDECLARED_SELECTOR = YES;
				GCC_WARN_UNINITIALIZED_AUTOS = YES_AGGRESSIVE;
				GCC_WARN_UNUSED_FUNCTION = YES;
				GCC_WARN_UNUSED_VARIABLE = YES;
				IPHONEOS_DEPLOYMENT_TARGET = 12.2;
				MTL_ENABLE_DEBUG_INFO = NO;
				MTL_FAST_MATH = YES;
				SDKROOT = iphoneos;
				SWIFT_COMPILATION_MODE = wholemodule;
				SWIFT_OPTIMIZATION_LEVEL = "-O";
				VALIDATE_PRODUCT = YES;
			};
			name = Release;
		};
		40A6094B22DEF1FE0013EDAD /* Debug */ = {
			isa = XCBuildConfiguration;
			buildSettings = {
				ASSETCATALOG_COMPILER_APPICON_NAME = AppIcon;
				CODE_SIGN_STYLE = Automatic;
				DEVELOPMENT_TEAM = 7FVA3NE35B;
				FRAMEWORK_SEARCH_PATHS = (
					"$(inherited)",
					"$(PROJECT_DIR)",
				);
				INFOPLIST_FILE = TraderChartTutorial/Info.plist;
				LD_RUNPATH_SEARCH_PATHS = (
					"$(inherited)",
					"@executable_path/Frameworks",
				);
				PRODUCT_BUNDLE_IDENTIFIER = jp.co.altonotes.TraderChartTutorial;
				PRODUCT_NAME = "$(TARGET_NAME)";
				SWIFT_VERSION = 5.0;
				TARGETED_DEVICE_FAMILY = "1,2";
			};
			name = Debug;
		};
		40A6094C22DEF1FE0013EDAD /* Release */ = {
			isa = XCBuildConfiguration;
			buildSettings = {
				ASSETCATALOG_COMPILER_APPICON_NAME = AppIcon;
				CODE_SIGN_STYLE = Automatic;
				DEVELOPMENT_TEAM = 7FVA3NE35B;
				FRAMEWORK_SEARCH_PATHS = (
					"$(inherited)",
					"$(PROJECT_DIR)",
				);
				INFOPLIST_FILE = TraderChartTutorial/Info.plist;
				LD_RUNPATH_SEARCH_PATHS = (
					"$(inherited)",
					"@executable_path/Frameworks",
				);
				PRODUCT_BUNDLE_IDENTIFIER = jp.co.altonotes.TraderChartTutorial;
				PRODUCT_NAME = "$(TARGET_NAME)";
				SWIFT_VERSION = 5.0;
				TARGETED_DEVICE_FAMILY = "1,2";
			};
			name = Release;
		};
/* End XCBuildConfiguration section */

/* Begin XCConfigurationList section */
		40A6093122DEF1FD0013EDAD /* Build configuration list for PBXProject "TraderChartTutorial" */ = {
			isa = XCConfigurationList;
			buildConfigurations = (
				40A6094822DEF1FE0013EDAD /* Debug */,
				40A6094922DEF1FE0013EDAD /* Release */,
			);
			defaultConfigurationIsVisible = 0;
			defaultConfigurationName = Release;
		};
		40A6094A22DEF1FE0013EDAD /* Build configuration list for PBXNativeTarget "TraderChartTutorial" */ = {
			isa = XCConfigurationList;
			buildConfigurations = (
				40A6094B22DEF1FE0013EDAD /* Debug */,
				40A6094C22DEF1FE0013EDAD /* Release */,
			);
			defaultConfigurationIsVisible = 0;
			defaultConfigurationName = Release;
		};
/* End XCConfigurationList section */
	};
	rootObject = 40A6092E22DEF1FD0013EDAD /* Project object */;
}
